
Microsoft Visual Studio Solution File, Format Version 12.00
# Visual Studio Version 16
VisualStudioVersion = 16.0.29102.190
MinimumVisualStudioVersion = 10.0.40219.1
Project("{8BC9CEB8-8B4A-11D0-8D11-00A0C91BC942}") = "ConsoleApp1", "ConsoleApp1\ConsoleApp1.vcxproj", "{A142C029-ECC7-4192-AEB9-7F34122C769A}"
EndProject
Global
	GlobalSection(SolutionConfigurationPlatforms) = preSolution
		Debug|x64 = Debug|x64
		Debug|x86 = Debug|x86
		Release|x64 = Release|x64
		Release|x86 = Release|x86
	EndGlobalSection
	GlobalSection(ProjectConfigurationPlatforms) = postSolution
		{A142C029-ECC7-4192-AEB9-7F34122C769A}.Debug|x64.ActiveCfg = Debug|x64
		{A142C029-ECC7-4192-AEB9-7F34122C769A}.Debug|x64.Build.0 = Debug|x64
		{A142C029-ECC7-4192-AEB9-7F34122C769A}.Debug|x86.ActiveCfg = Debug|Win32
		{A142C029-ECC7-4192-AEB9-7F34122C769A}.Debug|x86.Build.0 = Debug|Win32
		{A142C029-ECC7-4192-AEB9-7F34122C769A}.Release|x64.ActiveCfg = Release|x64
		{A142C029-ECC7-4192-AEB9-7F34122C769A}.Release|x64.Build.0 = Release|x64
		{A142C029-ECC7-4192-AEB9-7F34122C769A}.Release|x86.ActiveCfg = Release|Win32
		{A142C029-ECC7-4192-AEB9-7F34122C769A}.Release|x86.Build.0 = Release|Win32
	EndGlobalSection
	GlobalSection(SolutionProperties) = preSolution
		HideSolutionNode = FALSE
	EndGlobalSection
	GlobalSection(ExtensibilityGlobals) = postSolution
		SolutionGuid = {CF25D5C0-D1D0-4473-8C91-2D2389E608D1}
	EndGlobalSection
EndGlobal
